// !$*UTF8*$!
{
	archiveVersion = 1;
	classes = {
	};
	objectVersion = 46;
	objects = {

/* Begin PBXBuildFile section */
		5207731F14FD4ADA007E3059 /* PSSkyPhotoViewer.m in Sources */ = {isa = PBXBuildFile; fileRef = 5207731D14FD4ADA007E3059 /* PSSkyPhotoViewer.m */; };
		5207732014FD4ADA007E3059 /* PSSkyPhotoViewer.xib in Resources */ = {isa = PBXBuildFile; fileRef = 5207731E14FD4ADA007E3059 /* PSSkyPhotoViewer.xib */; };
		5207732514FD4DD5007E3059 /* PSMainViewController.m in Sources */ = {isa = PBXBuildFile; fileRef = 5207732314FD4DD5007E3059 /* PSMainViewController.m */; };
		5207732614FD4DD5007E3059 /* PSMainViewController.xib in Resources */ = {isa = PBXBuildFile; fileRef = 5207732414FD4DD5007E3059 /* PSMainViewController.xib */; };
		5207732914FD4EA4007E3059 /* skydrive.jpeg in Resources */ = {isa = PBXBuildFile; fileRef = 5207732714FD4EA4007E3059 /* skydrive.jpeg */; };
		5207733414FDA851007E3059 /* PSSkyDriveObject.m in Sources */ = {isa = PBXBuildFile; fileRef = 5207733314FDA851007E3059 /* PSSkyDriveObject.m */; };
		520C9CE914FD46BB002BF021 /* UIKit.framework in Frameworks */ = {isa = PBXBuildFile; fileRef = 520C9CE814FD46BB002BF021 /* UIKit.framework */; };
		520C9CEB14FD46BB002BF021 /* Foundation.framework in Frameworks */ = {isa = PBXBuildFile; fileRef = 520C9CEA14FD46BB002BF021 /* Foundation.framework */; };
		520C9CED14FD46BB002BF021 /* CoreGraphics.framework in Frameworks */ = {isa = PBXBuildFile; fileRef = 520C9CEC14FD46BB002BF021 /* CoreGraphics.framework */; };
		520C9CF314FD46BB002BF021 /* InfoPlist.strings in Resources */ = {isa = PBXBuildFile; fileRef = 520C9CF114FD46BB002BF021 /* InfoPlist.strings */; };
		520C9CF514FD46BB002BF021 /* main.m in Sources */ = {isa = PBXBuildFile; fileRef = 520C9CF414FD46BB002BF021 /* main.m */; };
		520C9CF914FD46BB002BF021 /* PSAppDelegate.m in Sources */ = {isa = PBXBuildFile; fileRef = 520C9CF814FD46BB002BF021 /* PSAppDelegate.m */; };
		5248D13F14FE3DF80096720F /* PSSkyDriveFolderPicker.m in Sources */ = {isa = PBXBuildFile; fileRef = 5248D13D14FE3DF80096720F /* PSSkyDriveFolderPicker.m */; };
		5248D14014FE3DF80096720F /* PSSkyDriveFolderPicker.xib in Resources */ = {isa = PBXBuildFile; fileRef = 5248D13E14FE3DF80096720F /* PSSkyDriveFolderPicker.xib */; };
		529AD799159D8121004A195B /* LiveSDK.framework in Frameworks */ = {isa = PBXBuildFile; fileRef = 529AD798159D8121004A195B /* LiveSDK.framework */; };
		529AD79B159D8129004A195B /* LiveSDK.framework in Resources */ = {isa = PBXBuildFile; fileRef = 529AD798159D8121004A195B /* LiveSDK.framework */; };
/* End PBXBuildFile section */

/* Begin PBXFileReference section */
		5207731C14FD4ADA007E3059 /* PSSkyPhotoViewer.h */ = {isa = PBXFileReference; fileEncoding = 4; lastKnownFileType = sourcecode.c.h; path = PSSkyPhotoViewer.h; sourceTree = "<group>"; };
		5207731D14FD4ADA007E3059 /* PSSkyPhotoViewer.m */ = {isa = PBXFileReference; fileEncoding = 4; lastKnownFileType = sourcecode.c.objc; path = PSSkyPhotoViewer.m; sourceTree = "<group>"; };
		5207731E14FD4ADA007E3059 /* PSSkyPhotoViewer.xib */ = {isa = PBXFileReference; fileEncoding = 4; lastKnownFileType = file.xib; path = PSSkyPhotoViewer.xib; sourceTree = "<group>"; };
		5207732214FD4DD5007E3059 /* PSMainViewController.h */ = {isa = PBXFileReference; fileEncoding = 4; lastKnownFileType = sourcecode.c.h; path = PSMainViewController.h; sourceTree = "<group>"; };
		5207732314FD4DD5007E3059 /* PSMainViewController.m */ = {isa = PBXFileReference; fileEncoding = 4; lastKnownFileType = sourcecode.c.objc; path = PSMainViewController.m; sourceTree = "<group>"; };
		5207732414FD4DD5007E3059 /* PSMainViewController.xib */ = {isa = PBXFileReference; fileEncoding = 4; lastKnownFileType = file.xib; path = PSMainViewController.xib; sourceTree = "<group>"; };
		5207732814FD4EA4007E3059 /* en */ = {isa = PBXFileReference; lastKnownFileType = image.jpeg; name = en; path = en.lproj/skydrive.jpeg; sourceTree = "<group>"; };
		5207733214FDA851007E3059 /* PSSkyDriveObject.h */ = {isa = PBXFileReference; fileEncoding = 4; lastKnownFileType = sourcecode.c.h; path = PSSkyDriveObject.h; sourceTree = "<group>"; };
		5207733314FDA851007E3059 /* PSSkyDriveObject.m */ = {isa = PBXFileReference; fileEncoding = 4; lastKnownFileType = sourcecode.c.objc; path = PSSkyDriveObject.m; sourceTree = "<group>"; };
		520C9CE414FD46BB002BF021 /* PhotoSky.app */ = {isa = PBXFileReference; explicitFileType = wrapper.application; includeInIndex = 0; path = PhotoSky.app; sourceTree = BUILT_PRODUCTS_DIR; };
		520C9CE814FD46BB002BF021 /* UIKit.framework */ = {isa = PBXFileReference; lastKnownFileType = wrapper.framework; name = UIKit.framework; path = System/Library/Frameworks/UIKit.framework; sourceTree = SDKROOT; };
		520C9CEA14FD46BB002BF021 /* Foundation.framework */ = {isa = PBXFileReference; lastKnownFileType = wrapper.framework; name = Foundation.framework; path = System/Library/Frameworks/Foundation.framework; sourceTree = SDKROOT; };
		520C9CEC14FD46BB002BF021 /* CoreGraphics.framework */ = {isa = PBXFileReference; lastKnownFileType = wrapper.framework; name = CoreGraphics.framework; path = System/Library/Frameworks/CoreGraphics.framework; sourceTree = SDKROOT; };
		520C9CF014FD46BB002BF021 /* PhotoSky-Info.plist */ = {isa = PBXFileReference; lastKnownFileType = text.plist.xml; path = "PhotoSky-Info.plist"; sourceTree = "<group>"; };
		520C9CF214FD46BB002BF021 /* en */ = {isa = PBXFileReference; lastKnownFileType = text.plist.strings; name = en; path = en.lproj/InfoPlist.strings; sourceTree = "<group>"; };
		520C9CF414FD46BB002BF021 /* main.m */ = {isa = PBXFileReference; lastKnownFileType = sourcecode.c.objc; path = main.m; sourceTree = "<group>"; };
		520C9CF614FD46BB002BF021 /* PhotoSky-Prefix.pch */ = {isa = PBXFileReference; lastKnownFileType = sourcecode.c.h; path = "PhotoSky-Prefix.pch"; sourceTree = "<group>"; };
		520C9CF714FD46BB002BF021 /* PSAppDelegate.h */ = {isa = PBXFileReference; lastKnownFileType = sourcecode.c.h; path = PSAppDelegate.h; sourceTree = "<group>"; };
		520C9CF814FD46BB002BF021 /* PSAppDelegate.m */ = {isa = PBXFileReference; lastKnownFileType = sourcecode.c.objc; path = PSAppDelegate.m; sourceTree = "<group>"; };
		5248D13C14FE3DF80096720F /* PSSkyDriveFolderPicker.h */ = {isa = PBXFileReference; fileEncoding = 4; lastKnownFileType = sourcecode.c.h; path = PSSkyDriveFolderPicker.h; sourceTree = "<group>"; };
		5248D13D14FE3DF80096720F /* PSSkyDriveFolderPicker.m */ = {isa = PBXFileReference; fileEncoding = 4; lastKnownFileType = sourcecode.c.objc; path = PSSkyDriveFolderPicker.m; sourceTree = "<group>"; };
		5248D13E14FE3DF80096720F /* PSSkyDriveFolderPicker.xib */ = {isa = PBXFileReference; fileEncoding = 4; lastKnownFileType = file.xib; path = PSSkyDriveFolderPicker.xib; sourceTree = "<group>"; };
		529AD798159D8121004A195B /* LiveSDK.framework */ = {isa = PBXFileReference; lastKnownFileType = wrapper.framework; name = LiveSDK.framework; path = ../../Products/LiveSDK.framework; sourceTree = "<group>"; };
/* End PBXFileReference section */

/* Begin PBXFrameworksBuildPhase section */
		520C9CE114FD46BB002BF021 /* Frameworks */ = {
			isa = PBXFrameworksBuildPhase;
			buildActionMask = 2147483647;
			files = (
				529AD799159D8121004A195B /* LiveSDK.framework in Frameworks */,
				520C9CE914FD46BB002BF021 /* UIKit.framework in Frameworks */,
				520C9CEB14FD46BB002BF021 /* Foundation.framework in Frameworks */,
				520C9CED14FD46BB002BF021 /* CoreGraphics.framework in Frameworks */,
			);
			runOnlyForDeploymentPostprocessing = 0;
		};
/* End PBXFrameworksBuildPhase section */

/* Begin PBXGroup section */
		520C9CD914FD46BB002BF021 = {
			isa = PBXGroup;
			children = (
				529AD798159D8121004A195B /* LiveSDK.framework */,
				520C9CEE14FD46BB002BF021 /* PhotoSky */,
				520C9CE714FD46BB002BF021 /* Frameworks */,
				520C9CE514FD46BB002BF021 /* Products */,
			);
			sourceTree = "<group>";
		};
		520C9CE514FD46BB002BF021 /* Products */ = {
			isa = PBXGroup;
			children = (
				520C9CE414FD46BB002BF021 /* PhotoSky.app */,
			);
			name = Products;
			sourceTree = "<group>";
		};
		520C9CE714FD46BB002BF021 /* Frameworks */ = {
			isa = PBXGroup;
			children = (
				520C9CE814FD46BB002BF021 /* UIKit.framework */,
				520C9CEA14FD46BB002BF021 /* Foundation.framework */,
				520C9CEC14FD46BB002BF021 /* CoreGraphics.framework */,
			);
			name = Frameworks;
			sourceTree = "<group>";
		};
		520C9CEE14FD46BB002BF021 /* PhotoSky */ = {
			isa = PBXGroup;
			children = (
				520C9CF714FD46BB002BF021 /* PSAppDelegate.h */,
				520C9CF814FD46BB002BF021 /* PSAppDelegate.m */,
				520C9CEF14FD46BB002BF021 /* Supporting Files */,
				5207731C14FD4ADA007E3059 /* PSSkyPhotoViewer.h */,
				5207731D14FD4ADA007E3059 /* PSSkyPhotoViewer.m */,
				5207731E14FD4ADA007E3059 /* PSSkyPhotoViewer.xib */,
				5207732214FD4DD5007E3059 /* PSMainViewController.h */,
				5207732314FD4DD5007E3059 /* PSMainViewController.m */,
				5207732414FD4DD5007E3059 /* PSMainViewController.xib */,
				5207733214FDA851007E3059 /* PSSkyDriveObject.h */,
				5207733314FDA851007E3059 /* PSSkyDriveObject.m */,
				5248D13C14FE3DF80096720F /* PSSkyDriveFolderPicker.h */,
				5248D13D14FE3DF80096720F /* PSSkyDriveFolderPicker.m */,
				5248D13E14FE3DF80096720F /* PSSkyDriveFolderPicker.xib */,
			);
			path = PhotoSky;
			sourceTree = "<group>";
		};
		520C9CEF14FD46BB002BF021 /* Supporting Files */ = {
			isa = PBXGroup;
			children = (
				5207732714FD4EA4007E3059 /* skydrive.jpeg */,
				520C9CF014FD46BB002BF021 /* PhotoSky-Info.plist */,
				520C9CF114FD46BB002BF021 /* InfoPlist.strings */,
				520C9CF414FD46BB002BF021 /* main.m */,
				520C9CF614FD46BB002BF021 /* PhotoSky-Prefix.pch */,
			);
			name = "Supporting Files";
			sourceTree = "<group>";
		};
/* End PBXGroup section */

/* Begin PBXNativeTarget section */
		520C9CE314FD46BB002BF021 /* PhotoSky */ = {
			isa = PBXNativeTarget;
			buildConfigurationList = 520C9D0514FD46BB002BF021 /* Build configuration list for PBXNativeTarget "PhotoSky" */;
			buildPhases = (
				520C9CE014FD46BB002BF021 /* Sources */,
				520C9CE114FD46BB002BF021 /* Frameworks */,
				520C9CE214FD46BB002BF021 /* Resources */,
			);
			buildRules = (
			);
			dependencies = (
			);
			name = PhotoSky;
			productName = PhotoSky;
			productReference = 520C9CE414FD46BB002BF021 /* PhotoSky.app */;
			productType = "com.apple.product-type.application";
		};
/* End PBXNativeTarget section */

/* Begin PBXProject section */
		520C9CDB14FD46BB002BF021 /* Project object */ = {
			isa = PBXProject;
			attributes = {
				LastUpgradeCheck = 0420;
				ORGANIZATIONNAME = Microsoft;
			};
			buildConfigurationList = 520C9CDE14FD46BB002BF021 /* Build configuration list for PBXProject "PhotoSky" */;
			compatibilityVersion = "Xcode 3.2";
			developmentRegion = English;
			hasScannedForEncodings = 0;
			knownRegions = (
				en,
			);
			mainGroup = 520C9CD914FD46BB002BF021;
			productRefGroup = 520C9CE514FD46BB002BF021 /* Products */;
			projectDirPath = "";
			projectRoot = "";
			targets = (
				520C9CE314FD46BB002BF021 /* PhotoSky */,
			);
		};
/* End PBXProject section */

/* Begin PBXResourcesBuildPhase section */
		520C9CE214FD46BB002BF021 /* Resources */ = {
			isa = PBXResourcesBuildPhase;
			buildActionMask = 2147483647;
			files = (
				520C9CF314FD46BB002BF021 /* InfoPlist.strings in Resources */,
				529AD79B159D8129004A195B /* LiveSDK.framework in Resources */,
				5207732014FD4ADA007E3059 /* PSSkyPhotoViewer.xib in Resources */,
				5207732614FD4DD5007E3059 /* PSMainViewController.xib in Resources */,
				5207732914FD4EA4007E3059 /* skydrive.jpeg in Resources */,
				5248D14014FE3DF80096720F /* PSSkyDriveFolderPicker.xib in Resources */,
			);
			runOnlyForDeploymentPostprocessing = 0;
		};
/* End PBXResourcesBuildPhase section */

/* Begin PBXSourcesBuildPhase section */
		520C9CE014FD46BB002BF021 /* Sources */ = {
			isa = PBXSourcesBuildPhase;
			buildActionMask = 2147483647;
			files = (
				520C9CF514FD46BB002BF021 /* main.m in Sources */,
				520C9CF914FD46BB002BF021 /* PSAppDelegate.m in Sources */,
				5207731F14FD4ADA007E3059 /* PSSkyPhotoViewer.m in Sources */,
				5207732514FD4DD5007E3059 /* PSMainViewController.m in Sources */,
				5207733414FDA851007E3059 /* PSSkyDriveObject.m in Sources */,
				5248D13F14FE3DF80096720F /* PSSkyDriveFolderPicker.m in Sources */,
			);
			runOnlyForDeploymentPostprocessing = 0;
		};
/* End PBXSourcesBuildPhase section */

/* Begin PBXVariantGroup section */
		5207732714FD4EA4007E3059 /* skydrive.jpeg */ = {
			isa = PBXVariantGroup;
			children = (
				5207732814FD4EA4007E3059 /* en */,
			);
			name = skydrive.jpeg;
			sourceTree = "<group>";
		};
		520C9CF114FD46BB002BF021 /* InfoPlist.strings */ = {
			isa = PBXVariantGroup;
			children = (
				520C9CF214FD46BB002BF021 /* en */,
			);
			name = InfoPlist.strings;
			sourceTree = "<group>";
		};
/* End PBXVariantGroup section */

/* Begin XCBuildConfiguration section */
		520C9D0314FD46BB002BF021 /* Debug */ = {
			isa = XCBuildConfiguration;
			buildSettings = {
				ALWAYS_SEARCH_USER_PATHS = NO;
				ARCHS = "$(ARCHS_STANDARD_32_BIT)";
				CLANG_ENABLE_OBJC_ARC = YES;
				"CODE_SIGN_IDENTITY[sdk=iphoneos*]" = "iPhone Developer";
				COPY_PHASE_STRIP = NO;
				GCC_C_LANGUAGE_STANDARD = gnu99;
				GCC_DYNAMIC_NO_PIC = NO;
				GCC_OPTIMIZATION_LEVEL = 0;
				GCC_PREPROCESSOR_DEFINITIONS = (
					"DEBUG=1",
					"$(inherited)",
				);
				GCC_SYMBOLS_PRIVATE_EXTERN = NO;
				GCC_VERSION = com.apple.compilers.llvm.clang.1_0;
				GCC_WARN_ABOUT_MISSING_PROTOTYPES = YES;
				GCC_WARN_ABOUT_RETURN_TYPE = YES;
				GCC_WARN_UNUSED_VARIABLE = YES;
				IPHONEOS_DEPLOYMENT_TARGET = 5.0;
				SDKROOT = iphoneos;
				TARGETED_DEVICE_FAMILY = "1,2";
			};
			name = Debug;
		};
		520C9D0414FD46BB002BF021 /* Release */ = {
			isa = XCBuildConfiguration;
			buildSettings = {
				ALWAYS_SEARCH_USER_PATHS = NO;
				ARCHS = "$(ARCHS_STANDARD_32_BIT)";
				CLANG_ENABLE_OBJC_ARC = YES;
				"CODE_SIGN_IDENTITY[sdk=iphoneos*]" = "iPhone Developer";
				COPY_PHASE_STRIP = YES;
				GCC_C_LANGUAGE_STANDARD = gnu99;
				GCC_VERSION = com.apple.compilers.llvm.clang.1_0;
				GCC_WARN_ABOUT_MISSING_PROTOTYPES = YES;
				GCC_WARN_ABOUT_RETURN_TYPE = YES;
				GCC_WARN_UNUSED_VARIABLE = YES;
				IPHONEOS_DEPLOYMENT_TARGET = 5.0;
				OTHER_CFLAGS = "-DNS_BLOCK_ASSERTIONS=1";
				SDKROOT = iphoneos;
				TARGETED_DEVICE_FAMILY = "1,2";
				VALIDATE_PRODUCT = YES;
			};
			name = Release;
		};
		520C9D0614FD46BB002BF021 /* Debug */ = {
			isa = XCBuildConfiguration;
			buildSettings = {
				FRAMEWORK_SEARCH_PATHS = (
					"$(inherited)",
					"\"$(SRCROOT)\"",
					"\"$(SRCROOT)/../../Products\"",
				);
				GCC_PRECOMPILE_PREFIX_HEADER = YES;
				GCC_PREFIX_HEADER = "PhotoSky/PhotoSky-Prefix.pch";
				INFOPLIST_FILE = "PhotoSky/PhotoSky-Info.plist";
				PRODUCT_NAME = "$(TARGET_NAME)";
				WRAPPER_EXTENSION = app;
			};
			name = Debug;
		};
		520C9D0714FD46BB002BF021 /* Release */ = {
			isa = XCBuildConfiguration;
			buildSettings = {
				FRAMEWORK_SEARCH_PATHS = (
					"$(inherited)",
					"\"$(SRCROOT)\"",
					"\"$(SRCROOT)/../../Products\"",
				);
				GCC_PRECOMPILE_PREFIX_HEADER = YES;
				GCC_PREFIX_HEADER = "PhotoSky/PhotoSky-Prefix.pch";
				INFOPLIST_FILE = "PhotoSky/PhotoSky-Info.plist";
				PRODUCT_NAME = "$(TARGET_NAME)";
				WRAPPER_EXTENSION = app;
			};
			name = Release;
		};
/* End XCBuildConfiguration section */

/* Begin XCConfigurationList section */
		520C9CDE14FD46BB002BF021 /* Build configuration list for PBXProject "PhotoSky" */ = {
			isa = XCConfigurationList;
			buildConfigurations = (
				520C9D0314FD46BB002BF021 /* Debug */,
				520C9D0414FD46BB002BF021 /* Release */,
			);
			defaultConfigurationIsVisible = 0;
			defaultConfigurationName = Release;
		};
		520C9D0514FD46BB002BF021 /* Build configuration list for PBXNativeTarget "PhotoSky" */ = {
			isa = XCConfigurationList;
			buildConfigurations = (
				520C9D0614FD46BB002BF021 /* Debug */,
				520C9D0714FD46BB002BF021 /* Release */,
			);
			defaultConfigurationIsVisible = 0;
			defaultConfigurationName = Release;
		};
/* End XCConfigurationList section */
	};
	rootObject = 520C9CDB14FD46BB002BF021 /* Project object */;
}
