// !$*UTF8*$!
{
	archiveVersion = 1;
	classes = {
	};
	objectVersion = 46;
	objects = {

/* Begin PBXBuildFile section */
		5207731F14FD4ADA007E3059 /* PSSkyPhotoViewer.m in Sources */ = {isa = PBXBuildFile; fileRef = 5207731D14FD4ADA007E3059 /* PSSkyPhotoViewer.m */; };
		5207732014FD4ADA007E3059 /* PSSkyPhotoViewer.xib in Resources */ = {isa = PBXBuildFile; fileRef = 5207731E14FD4ADA007E3059 /* PSSkyPhotoViewer.xib */; };
		5207732514FD4DD5007E3059 /* PSMainViewController.m in Sources */ = {isa = PBXBuildFile; fileRef = 5207732314FD4DD5007E3059 /* PSMainViewController.m */; };
		5207732614FD4DD5007E3059 /* PSMainViewController.xib in Resources */ = {isa = PBXBuildFile; fileRef = 5207732414FD4DD5007E3059 /* PSMainViewController.xib */; };
		5207732914FD4EA4007E3059 /* skydrive.jpeg in Resources */ = {isa = PBXBuildFile; fileRef = 5207732714FD4EA4007E3059 /* skydrive.jpeg */; };
		5207733414FDA851007E3059 /* PSSkyDriveObject.m in Sources */ = {isa = PBXBuildFile; fileRef = 5207733314FDA851007E3059 /* PSSkyDriveObject.m */; };
		520C9CE914FD46BB002BF021 /* UIKit.framework in Frameworks */ = {isa = PBXBuildFile; fileRef = 520C9CE814FD46BB002BF021 /* UIKit.framework */; };
		520C9CEB14FD46BB002BF021 /* Foundation.framework in Frameworks */ = {isa = PBXBuildFile; fileRef = 520C9CEA14FD46BB002BF021 /* Foundation.framework */; };
		520C9CED14FD46BB002BF021 /* CoreGraphics.framework in Frameworks */ = {isa = PBXBuildFile; fileRef = 520C9CEC14FD46BB002BF021 /* CoreGraphics.framework */; };
		520C9CF314FD46BB002BF021 /* InfoPlist.strings in Resources */ = {isa = PBXBuildFile; fileRef = 520C9CF114FD46BB002BF021 /* InfoPlist.strings */; };
		520C9CF514FD46BB002BF021 /* main.m in Sources */ = {isa = PBXBuildFile; fileRef = 520C9CF414FD46BB002BF021 /* main.m */; };
		520C9CF914FD46BB002BF021 /* PSAppDelegate.m in Sources */ = {isa = PBXBuildFile; fileRef = 520C9CF814FD46BB002BF021 /* PSAppDelegate.m */; };
		5248D13F14FE3DF80096720F /* PSSkyDriveFolderPicker.m in Sources */ = {isa = PBXBuildFile; fileRef = 5248D13D14FE3DF80096720F /* PSSkyDriveFolderPicker.m */; };
		5248D14014FE3DF80096720F /* PSSkyDriveFolderPicker.xib in Resources */ = {isa = PBXBuildFile; fileRef = 5248D13E14FE3DF80096720F /* PSSkyDriveFolderPicker.xib */; };
		526B94A617692BD0000E29D2 /* Default-568h@2x.png in Resources */ = {isa = PBXBuildFile; fileRef = 526B94A517692BD0000E29D2 /* Default-568h@2x.png */; };
		A2EF33BC1B521327006CE39D /* JsonParser.m in Sources */ = {isa = PBXBuildFile; fileRef = A2EF33831B521327006CE39D /* JsonParser.m */; };
		A2EF33BD1B521327006CE39D /* JsonWriter.m in Sources */ = {isa = PBXBuildFile; fileRef = A2EF33851B521327006CE39D /* JsonWriter.m */; };
		A2EF33BE1B521327006CE39D /* LiveApiHelper.m in Sources */ = {isa = PBXBuildFile; fileRef = A2EF33871B521327006CE39D /* LiveApiHelper.m */; };
		A2EF33BF1B521327006CE39D /* LiveAuthHelper.m in Sources */ = {isa = PBXBuildFile; fileRef = A2EF33891B521327006CE39D /* LiveAuthHelper.m */; };
		A2EF33C01B521327006CE39D /* LiveConnectionHelper.m in Sources */ = {isa = PBXBuildFile; fileRef = A2EF338C1B521327006CE39D /* LiveConnectionHelper.m */; };
		A2EF33C11B521327006CE39D /* StreamReader.m in Sources */ = {isa = PBXBuildFile; fileRef = A2EF338E1B521327006CE39D /* StreamReader.m */; };
		A2EF33C21B521327006CE39D /* StringHelper.m in Sources */ = {isa = PBXBuildFile; fileRef = A2EF33901B521327006CE39D /* StringHelper.m */; };
		A2EF33C31B521327006CE39D /* UrlHelper.m in Sources */ = {isa = PBXBuildFile; fileRef = A2EF33921B521327006CE39D /* UrlHelper.m */; };
		A2EF33C41B521327006CE39D /* LiveAuthDialog.m in Sources */ = {isa = PBXBuildFile; fileRef = A2EF33941B521327006CE39D /* LiveAuthDialog.m */; };
		A2EF33C51B521327006CE39D /* LiveAuthDialog_iPad.xib in Resources */ = {isa = PBXBuildFile; fileRef = A2EF33951B521327006CE39D /* LiveAuthDialog_iPad.xib */; };
		A2EF33C61B521327006CE39D /* LiveAuthDialog_iPhone.xib in Resources */ = {isa = PBXBuildFile; fileRef = A2EF33961B521327006CE39D /* LiveAuthDialog_iPhone.xib */; };
		A2EF33C71B521327006CE39D /* LiveAuthRefreshRequest.m in Sources */ = {isa = PBXBuildFile; fileRef = A2EF33991B521327006CE39D /* LiveAuthRefreshRequest.m */; };
		A2EF33C81B521327006CE39D /* LiveAuthRequest.m in Sources */ = {isa = PBXBuildFile; fileRef = A2EF339B1B521327006CE39D /* LiveAuthRequest.m */; };
		A2EF33C91B521327006CE39D /* LiveAuthStorage.m in Sources */ = {isa = PBXBuildFile; fileRef = A2EF339D1B521327006CE39D /* LiveAuthStorage.m */; };
		A2EF33CA1B521327006CE39D /* LiveConnectClientCore.m in Sources */ = {isa = PBXBuildFile; fileRef = A2EF339F1B521327006CE39D /* LiveConnectClientCore.m */; };
		A2EF33CB1B521327006CE39D /* LiveDownloadOperationCore.m in Sources */ = {isa = PBXBuildFile; fileRef = A2EF33A21B521327006CE39D /* LiveDownloadOperationCore.m */; };
		A2EF33CC1B521327006CE39D /* LiveOperationCore.m in Sources */ = {isa = PBXBuildFile; fileRef = A2EF33A51B521327006CE39D /* LiveOperationCore.m */; };
		A2EF33CD1B521327006CE39D /* LiveUploadOperationCore.m in Sources */ = {isa = PBXBuildFile; fileRef = A2EF33A81B521327006CE39D /* LiveUploadOperationCore.m */; };
		A2EF33CE1B521327006CE39D /* backArrow_black.png in Resources */ = {isa = PBXBuildFile; fileRef = A2EF33AA1B521327006CE39D /* backArrow_black.png */; };
		A2EF33CF1B521327006CE39D /* LiveConnectClient.m in Sources */ = {isa = PBXBuildFile; fileRef = A2EF33AE1B521327006CE39D /* LiveConnectClient.m */; };
		A2EF33D01B521327006CE39D /* LiveConnectSession.m in Sources */ = {isa = PBXBuildFile; fileRef = A2EF33B01B521327006CE39D /* LiveConnectSession.m */; };
		A2EF33D11B521327006CE39D /* LiveDownloadOperation.m in Sources */ = {isa = PBXBuildFile; fileRef = A2EF33B31B521327006CE39D /* LiveDownloadOperation.m */; };
		A2EF33D21B521327006CE39D /* LiveOperation.m in Sources */ = {isa = PBXBuildFile; fileRef = A2EF33B61B521327006CE39D /* LiveOperation.m */; };
		A2EF33D31B521327006CE39D /* LiveOperationProgress.m in Sources */ = {isa = PBXBuildFile; fileRef = A2EF33B91B521327006CE39D /* LiveOperationProgress.m */; };
/* End PBXBuildFile section */

/* Begin PBXFileReference section */
		5207731C14FD4ADA007E3059 /* PSSkyPhotoViewer.h */ = {isa = PBXFileReference; fileEncoding = 4; lastKnownFileType = sourcecode.c.h; path = PSSkyPhotoViewer.h; sourceTree = "<group>"; };
		5207731D14FD4ADA007E3059 /* PSSkyPhotoViewer.m */ = {isa = PBXFileReference; fileEncoding = 4; lastKnownFileType = sourcecode.c.objc; path = PSSkyPhotoViewer.m; sourceTree = "<group>"; };
		5207731E14FD4ADA007E3059 /* PSSkyPhotoViewer.xib */ = {isa = PBXFileReference; fileEncoding = 4; lastKnownFileType = file.xib; path = PSSkyPhotoViewer.xib; sourceTree = "<group>"; };
		5207732214FD4DD5007E3059 /* PSMainViewController.h */ = {isa = PBXFileReference; fileEncoding = 4; lastKnownFileType = sourcecode.c.h; path = PSMainViewController.h; sourceTree = "<group>"; };
		5207732314FD4DD5007E3059 /* PSMainViewController.m */ = {isa = PBXFileReference; fileEncoding = 4; lastKnownFileType = sourcecode.c.objc; path = PSMainViewController.m; sourceTree = "<group>"; };
		5207732414FD4DD5007E3059 /* PSMainViewController.xib */ = {isa = PBXFileReference; fileEncoding = 4; lastKnownFileType = file.xib; path = PSMainViewController.xib; sourceTree = "<group>"; };
		5207732814FD4EA4007E3059 /* en */ = {isa = PBXFileReference; lastKnownFileType = image.jpeg; name = en; path = en.lproj/skydrive.jpeg; sourceTree = "<group>"; };
		5207733214FDA851007E3059 /* PSSkyDriveObject.h */ = {isa = PBXFileReference; fileEncoding = 4; lastKnownFileType = sourcecode.c.h; path = PSSkyDriveObject.h; sourceTree = "<group>"; };
		5207733314FDA851007E3059 /* PSSkyDriveObject.m */ = {isa = PBXFileReference; fileEncoding = 4; lastKnownFileType = sourcecode.c.objc; path = PSSkyDriveObject.m; sourceTree = "<group>"; };
		520C9CE414FD46BB002BF021 /* PhotoSky.app */ = {isa = PBXFileReference; explicitFileType = wrapper.application; includeInIndex = 0; path = PhotoSky.app; sourceTree = BUILT_PRODUCTS_DIR; };
		520C9CE814FD46BB002BF021 /* UIKit.framework */ = {isa = PBXFileReference; lastKnownFileType = wrapper.framework; name = UIKit.framework; path = System/Library/Frameworks/UIKit.framework; sourceTree = SDKROOT; };
		520C9CEA14FD46BB002BF021 /* Foundation.framework */ = {isa = PBXFileReference; lastKnownFileType = wrapper.framework; name = Foundation.framework; path = System/Library/Frameworks/Foundation.framework; sourceTree = SDKROOT; };
		520C9CEC14FD46BB002BF021 /* CoreGraphics.framework */ = {isa = PBXFileReference; lastKnownFileType = wrapper.framework; name = CoreGraphics.framework; path = System/Library/Frameworks/CoreGraphics.framework; sourceTree = SDKROOT; };
		520C9CF014FD46BB002BF021 /* PhotoSky-Info.plist */ = {isa = PBXFileReference; lastKnownFileType = text.plist.xml; path = "PhotoSky-Info.plist"; sourceTree = "<group>"; };
		520C9CF214FD46BB002BF021 /* en */ = {isa = PBXFileReference; lastKnownFileType = text.plist.strings; name = en; path = en.lproj/InfoPlist.strings; sourceTree = "<group>"; };
		520C9CF414FD46BB002BF021 /* main.m */ = {isa = PBXFileReference; lastKnownFileType = sourcecode.c.objc; path = main.m; sourceTree = "<group>"; };
		520C9CF614FD46BB002BF021 /* PhotoSky-Prefix.pch */ = {isa = PBXFileReference; lastKnownFileType = sourcecode.c.h; path = "PhotoSky-Prefix.pch"; sourceTree = "<group>"; };
		520C9CF714FD46BB002BF021 /* PSAppDelegate.h */ = {isa = PBXFileReference; lastKnownFileType = sourcecode.c.h; path = PSAppDelegate.h; sourceTree = "<group>"; };
		520C9CF814FD46BB002BF021 /* PSAppDelegate.m */ = {isa = PBXFileReference; lastKnownFileType = sourcecode.c.objc; path = PSAppDelegate.m; sourceTree = "<group>"; };
		5248D13C14FE3DF80096720F /* PSSkyDriveFolderPicker.h */ = {isa = PBXFileReference; fileEncoding = 4; lastKnownFileType = sourcecode.c.h; path = PSSkyDriveFolderPicker.h; sourceTree = "<group>"; };
		5248D13D14FE3DF80096720F /* PSSkyDriveFolderPicker.m */ = {isa = PBXFileReference; fileEncoding = 4; lastKnownFileType = sourcecode.c.objc; path = PSSkyDriveFolderPicker.m; sourceTree = "<group>"; };
		5248D13E14FE3DF80096720F /* PSSkyDriveFolderPicker.xib */ = {isa = PBXFileReference; fileEncoding = 4; lastKnownFileType = file.xib; path = PSSkyDriveFolderPicker.xib; sourceTree = "<group>"; };
		526B94A517692BD0000E29D2 /* Default-568h@2x.png */ = {isa = PBXFileReference; lastKnownFileType = image.png; path = "Default-568h@2x.png"; sourceTree = "<group>"; };
		A2EF33821B521327006CE39D /* JsonParser.h */ = {isa = PBXFileReference; fileEncoding = 4; lastKnownFileType = sourcecode.c.h; path = JsonParser.h; sourceTree = "<group>"; };
		A2EF33831B521327006CE39D /* JsonParser.m */ = {isa = PBXFileReference; fileEncoding = 4; lastKnownFileType = sourcecode.c.objc; path = JsonParser.m; sourceTree = "<group>"; };
		A2EF33841B521327006CE39D /* JsonWriter.h */ = {isa = PBXFileReference; fileEncoding = 4; lastKnownFileType = sourcecode.c.h; path = JsonWriter.h; sourceTree = "<group>"; };
		A2EF33851B521327006CE39D /* JsonWriter.m */ = {isa = PBXFileReference; fileEncoding = 4; lastKnownFileType = sourcecode.c.objc; path = JsonWriter.m; sourceTree = "<group>"; };
		A2EF33861B521327006CE39D /* LiveApiHelper.h */ = {isa = PBXFileReference; fileEncoding = 4; lastKnownFileType = sourcecode.c.h; path = LiveApiHelper.h; sourceTree = "<group>"; };
		A2EF33871B521327006CE39D /* LiveApiHelper.m */ = {isa = PBXFileReference; fileEncoding = 4; lastKnownFileType = sourcecode.c.objc; path = LiveApiHelper.m; sourceTree = "<group>"; };
		A2EF33881B521327006CE39D /* LiveAuthHelper.h */ = {isa = PBXFileReference; fileEncoding = 4; lastKnownFileType = sourcecode.c.h; path = LiveAuthHelper.h; sourceTree = "<group>"; };
		A2EF33891B521327006CE39D /* LiveAuthHelper.m */ = {isa = PBXFileReference; fileEncoding = 4; lastKnownFileType = sourcecode.c.objc; path = LiveAuthHelper.m; sourceTree = "<group>"; };
		A2EF338A1B521327006CE39D /* LiveConnectionCreatorDelegate.h */ = {isa = PBXFileReference; fileEncoding = 4; lastKnownFileType = sourcecode.c.h; path = LiveConnectionCreatorDelegate.h; sourceTree = "<group>"; };
		A2EF338B1B521327006CE39D /* LiveConnectionHelper.h */ = {isa = PBXFileReference; fileEncoding = 4; lastKnownFileType = sourcecode.c.h; path = LiveConnectionHelper.h; sourceTree = "<group>"; };
		A2EF338C1B521327006CE39D /* LiveConnectionHelper.m */ = {isa = PBXFileReference; fileEncoding = 4; lastKnownFileType = sourcecode.c.objc; path = LiveConnectionHelper.m; sourceTree = "<group>"; };
		A2EF338D1B521327006CE39D /* StreamReader.h */ = {isa = PBXFileReference; fileEncoding = 4; lastKnownFileType = sourcecode.c.h; path = StreamReader.h; sourceTree = "<group>"; };
		A2EF338E1B521327006CE39D /* StreamReader.m */ = {isa = PBXFileReference; fileEncoding = 4; lastKnownFileType = sourcecode.c.objc; path = StreamReader.m; sourceTree = "<group>"; };
		A2EF338F1B521327006CE39D /* StringHelper.h */ = {isa = PBXFileReference; fileEncoding = 4; lastKnownFileType = sourcecode.c.h; path = StringHelper.h; sourceTree = "<group>"; };
		A2EF33901B521327006CE39D /* StringHelper.m */ = {isa = PBXFileReference; fileEncoding = 4; lastKnownFileType = sourcecode.c.objc; path = StringHelper.m; sourceTree = "<group>"; };
		A2EF33911B521327006CE39D /* UrlHelper.h */ = {isa = PBXFileReference; fileEncoding = 4; lastKnownFileType = sourcecode.c.h; path = UrlHelper.h; sourceTree = "<group>"; };
		A2EF33921B521327006CE39D /* UrlHelper.m */ = {isa = PBXFileReference; fileEncoding = 4; lastKnownFileType = sourcecode.c.objc; path = UrlHelper.m; sourceTree = "<group>"; };
		A2EF33931B521327006CE39D /* LiveAuthDialog.h */ = {isa = PBXFileReference; fileEncoding = 4; lastKnownFileType = sourcecode.c.h; path = LiveAuthDialog.h; sourceTree = "<group>"; };
		A2EF33941B521327006CE39D /* LiveAuthDialog.m */ = {isa = PBXFileReference; fileEncoding = 4; lastKnownFileType = sourcecode.c.objc; path = LiveAuthDialog.m; sourceTree = "<group>"; };
		A2EF33951B521327006CE39D /* LiveAuthDialog_iPad.xib */ = {isa = PBXFileReference; fileEncoding = 4; lastKnownFileType = file.xib; path = LiveAuthDialog_iPad.xib; sourceTree = "<group>"; };
		A2EF33961B521327006CE39D /* LiveAuthDialog_iPhone.xib */ = {isa = PBXFileReference; fileEncoding = 4; lastKnownFileType = file.xib; path = LiveAuthDialog_iPhone.xib; sourceTree = "<group>"; };
		A2EF33971B521327006CE39D /* LiveAuthDialogDelegate.h */ = {isa = PBXFileReference; fileEncoding = 4; lastKnownFileType = sourcecode.c.h; path = LiveAuthDialogDelegate.h; sourceTree = "<group>"; };
		A2EF33981B521327006CE39D /* LiveAuthRefreshRequest.h */ = {isa = PBXFileReference; fileEncoding = 4; lastKnownFileType = sourcecode.c.h; path = LiveAuthRefreshRequest.h; sourceTree = "<group>"; };
		A2EF33991B521327006CE39D /* LiveAuthRefreshRequest.m */ = {isa = PBXFileReference; fileEncoding = 4; lastKnownFileType = sourcecode.c.objc; path = LiveAuthRefreshRequest.m; sourceTree = "<group>"; };
		A2EF339A1B521327006CE39D /* LiveAuthRequest.h */ = {isa = PBXFileReference; fileEncoding = 4; lastKnownFileType = sourcecode.c.h; path = LiveAuthRequest.h; sourceTree = "<group>"; };
		A2EF339B1B521327006CE39D /* LiveAuthRequest.m */ = {isa = PBXFileReference; fileEncoding = 4; lastKnownFileType = sourcecode.c.objc; path = LiveAuthRequest.m; sourceTree = "<group>"; };
		A2EF339C1B521327006CE39D /* LiveAuthStorage.h */ = {isa = PBXFileReference; fileEncoding = 4; lastKnownFileType = sourcecode.c.h; path = LiveAuthStorage.h; sourceTree = "<group>"; };
		A2EF339D1B521327006CE39D /* LiveAuthStorage.m */ = {isa = PBXFileReference; fileEncoding = 4; lastKnownFileType = sourcecode.c.objc; path = LiveAuthStorage.m; sourceTree = "<group>"; };
		A2EF339E1B521327006CE39D /* LiveConnectClientCore.h */ = {isa = PBXFileReference; fileEncoding = 4; lastKnownFileType = sourcecode.c.h; path = LiveConnectClientCore.h; sourceTree = "<group>"; };
		A2EF339F1B521327006CE39D /* LiveConnectClientCore.m */ = {isa = PBXFileReference; fileEncoding = 4; lastKnownFileType = sourcecode.c.objc; path = LiveConnectClientCore.m; sourceTree = "<group>"; };
		A2EF33A01B521327006CE39D /* LiveConstants.h */ = {isa = PBXFileReference; fileEncoding = 4; lastKnownFileType = sourcecode.c.h; path = LiveConstants.h; sourceTree = "<group>"; };
		A2EF33A11B521327006CE39D /* LiveDownloadOperationCore.h */ = {isa = PBXFileReference; fileEncoding = 4; lastKnownFileType = sourcecode.c.h; path = LiveDownloadOperationCore.h; sourceTree = "<group>"; };
		A2EF33A21B521327006CE39D /* LiveDownloadOperationCore.m */ = {isa = PBXFileReference; fileEncoding = 4; lastKnownFileType = sourcecode.c.objc; path = LiveDownloadOperationCore.m; sourceTree = "<group>"; };
		A2EF33A31B521327006CE39D /* LiveDownloadOperationInternal.h */ = {isa = PBXFileReference; fileEncoding = 4; lastKnownFileType = sourcecode.c.h; path = LiveDownloadOperationInternal.h; sourceTree = "<group>"; };
		A2EF33A41B521327006CE39D /* LiveOperationCore.h */ = {isa = PBXFileReference; fileEncoding = 4; lastKnownFileType = sourcecode.c.h; path = LiveOperationCore.h; sourceTree = "<group>"; };
		A2EF33A51B521327006CE39D /* LiveOperationCore.m */ = {isa = PBXFileReference; fileEncoding = 4; lastKnownFileType = sourcecode.c.objc; path = LiveOperationCore.m; sourceTree = "<group>"; };
		A2EF33A61B521327006CE39D /* LiveOperationInternal.h */ = {isa = PBXFileReference; fileEncoding = 4; lastKnownFileType = sourcecode.c.h; path = LiveOperationInternal.h; sourceTree = "<group>"; };
		A2EF33A71B521327006CE39D /* LiveUploadOperationCore.h */ = {isa = PBXFileReference; fileEncoding = 4; lastKnownFileType = sourcecode.c.h; path = LiveUploadOperationCore.h; sourceTree = "<group>"; };
		A2EF33A81B521327006CE39D /* LiveUploadOperationCore.m */ = {isa = PBXFileReference; fileEncoding = 4; lastKnownFileType = sourcecode.c.objc; path = LiveUploadOperationCore.m; sourceTree = "<group>"; };
		A2EF33AA1B521327006CE39D /* backArrow_black.png */ = {isa = PBXFileReference; lastKnownFileType = image.png; path = backArrow_black.png; sourceTree = "<group>"; };
		A2EF33AC1B521327006CE39D /* LiveAuthDelegate.h */ = {isa = PBXFileReference; fileEncoding = 4; lastKnownFileType = sourcecode.c.h; path = LiveAuthDelegate.h; sourceTree = "<group>"; };
		A2EF33AD1B521327006CE39D /* LiveConnectClient.h */ = {isa = PBXFileReference; fileEncoding = 4; lastKnownFileType = sourcecode.c.h; path = LiveConnectClient.h; sourceTree = "<group>"; };
		A2EF33AE1B521327006CE39D /* LiveConnectClient.m */ = {isa = PBXFileReference; fileEncoding = 4; lastKnownFileType = sourcecode.c.objc; path = LiveConnectClient.m; sourceTree = "<group>"; };
		A2EF33AF1B521327006CE39D /* LiveConnectSession.h */ = {isa = PBXFileReference; fileEncoding = 4; lastKnownFileType = sourcecode.c.h; path = LiveConnectSession.h; sourceTree = "<group>"; };
		A2EF33B01B521327006CE39D /* LiveConnectSession.m */ = {isa = PBXFileReference; fileEncoding = 4; lastKnownFileType = sourcecode.c.objc; path = LiveConnectSession.m; sourceTree = "<group>"; };
		A2EF33B11B521327006CE39D /* LiveConnectSessionStatus.h */ = {isa = PBXFileReference; fileEncoding = 4; lastKnownFileType = sourcecode.c.h; path = LiveConnectSessionStatus.h; sourceTree = "<group>"; };
		A2EF33B21B521327006CE39D /* LiveDownloadOperation.h */ = {isa = PBXFileReference; fileEncoding = 4; lastKnownFileType = sourcecode.c.h; path = LiveDownloadOperation.h; sourceTree = "<group>"; };
		A2EF33B31B521327006CE39D /* LiveDownloadOperation.m */ = {isa = PBXFileReference; fileEncoding = 4; lastKnownFileType = sourcecode.c.objc; path = LiveDownloadOperation.m; sourceTree = "<group>"; };
		A2EF33B41B521327006CE39D /* LiveDownloadOperationDelegate.h */ = {isa = PBXFileReference; fileEncoding = 4; lastKnownFileType = sourcecode.c.h; path = LiveDownloadOperationDelegate.h; sourceTree = "<group>"; };
		A2EF33B51B521327006CE39D /* LiveOperation.h */ = {isa = PBXFileReference; fileEncoding = 4; lastKnownFileType = sourcecode.c.h; path = LiveOperation.h; sourceTree = "<group>"; };
		A2EF33B61B521327006CE39D /* LiveOperation.m */ = {isa = PBXFileReference; fileEncoding = 4; lastKnownFileType = sourcecode.c.objc; path = LiveOperation.m; sourceTree = "<group>"; };
		A2EF33B71B521327006CE39D /* LiveOperationDelegate.h */ = {isa = PBXFileReference; fileEncoding = 4; lastKnownFileType = sourcecode.c.h; path = LiveOperationDelegate.h; sourceTree = "<group>"; };
		A2EF33B81B521327006CE39D /* LiveOperationProgress.h */ = {isa = PBXFileReference; fileEncoding = 4; lastKnownFileType = sourcecode.c.h; path = LiveOperationProgress.h; sourceTree = "<group>"; };
		A2EF33B91B521327006CE39D /* LiveOperationProgress.m */ = {isa = PBXFileReference; fileEncoding = 4; lastKnownFileType = sourcecode.c.objc; path = LiveOperationProgress.m; sourceTree = "<group>"; };
		A2EF33BA1B521327006CE39D /* LiveUploadOperationDelegate.h */ = {isa = PBXFileReference; fileEncoding = 4; lastKnownFileType = sourcecode.c.h; path = LiveUploadOperationDelegate.h; sourceTree = "<group>"; };
		A2EF33BB1B521327006CE39D /* LiveUploadOverwriteOption.h */ = {isa = PBXFileReference; fileEncoding = 4; lastKnownFileType = sourcecode.c.h; path = LiveUploadOverwriteOption.h; sourceTree = "<group>"; };
/* End PBXFileReference section */

/* Begin PBXFrameworksBuildPhase section */
		520C9CE114FD46BB002BF021 /* Frameworks */ = {
			isa = PBXFrameworksBuildPhase;
			buildActionMask = 2147483647;
			files = (
				520C9CE914FD46BB002BF021 /* UIKit.framework in Frameworks */,
				520C9CEB14FD46BB002BF021 /* Foundation.framework in Frameworks */,
				520C9CED14FD46BB002BF021 /* CoreGraphics.framework in Frameworks */,
			);
			runOnlyForDeploymentPostprocessing = 0;
		};
/* End PBXFrameworksBuildPhase section */

/* Begin PBXGroup section */
		520C9CD914FD46BB002BF021 = {
			isa = PBXGroup;
			children = (
				A2EF337F1B521327006CE39D /* Library */,
				520C9CEE14FD46BB002BF021 /* PhotoSky */,
				520C9CE714FD46BB002BF021 /* Frameworks */,
				520C9CE514FD46BB002BF021 /* Products */,
			);
			sourceTree = "<group>";
		};
		520C9CE514FD46BB002BF021 /* Products */ = {
			isa = PBXGroup;
			children = (
				520C9CE414FD46BB002BF021 /* PhotoSky.app */,
			);
			name = Products;
			sourceTree = "<group>";
		};
		520C9CE714FD46BB002BF021 /* Frameworks */ = {
			isa = PBXGroup;
			children = (
				520C9CE814FD46BB002BF021 /* UIKit.framework */,
				520C9CEA14FD46BB002BF021 /* Foundation.framework */,
				520C9CEC14FD46BB002BF021 /* CoreGraphics.framework */,
			);
			name = Frameworks;
			sourceTree = "<group>";
		};
		520C9CEE14FD46BB002BF021 /* PhotoSky */ = {
			isa = PBXGroup;
			children = (
				520C9CF714FD46BB002BF021 /* PSAppDelegate.h */,
				520C9CF814FD46BB002BF021 /* PSAppDelegate.m */,
				520C9CEF14FD46BB002BF021 /* Supporting Files */,
				5207731C14FD4ADA007E3059 /* PSSkyPhotoViewer.h */,
				5207731D14FD4ADA007E3059 /* PSSkyPhotoViewer.m */,
				5207731E14FD4ADA007E3059 /* PSSkyPhotoViewer.xib */,
				5207732214FD4DD5007E3059 /* PSMainViewController.h */,
				5207732314FD4DD5007E3059 /* PSMainViewController.m */,
				5207732414FD4DD5007E3059 /* PSMainViewController.xib */,
				5207733214FDA851007E3059 /* PSSkyDriveObject.h */,
				5207733314FDA851007E3059 /* PSSkyDriveObject.m */,
				5248D13C14FE3DF80096720F /* PSSkyDriveFolderPicker.h */,
				5248D13D14FE3DF80096720F /* PSSkyDriveFolderPicker.m */,
				5248D13E14FE3DF80096720F /* PSSkyDriveFolderPicker.xib */,
			);
			path = PhotoSky;
			sourceTree = "<group>";
		};
		520C9CEF14FD46BB002BF021 /* Supporting Files */ = {
			isa = PBXGroup;
			children = (
				526B94A517692BD0000E29D2 /* Default-568h@2x.png */,
				5207732714FD4EA4007E3059 /* skydrive.jpeg */,
				520C9CF014FD46BB002BF021 /* PhotoSky-Info.plist */,
				520C9CF114FD46BB002BF021 /* InfoPlist.strings */,
				520C9CF414FD46BB002BF021 /* main.m */,
				520C9CF614FD46BB002BF021 /* PhotoSky-Prefix.pch */,
			);
			name = "Supporting Files";
			sourceTree = "<group>";
		};
		A2EF337F1B521327006CE39D /* Library */ = {
			isa = PBXGroup;
			children = (
				A2EF33801B521327006CE39D /* Internal */,
				A2EF33AB1B521327006CE39D /* Public */,
			);
			name = Library;
			path = ../../src/LiveSDK/Library;
			sourceTree = "<group>";
		};
		A2EF33801B521327006CE39D /* Internal */ = {
			isa = PBXGroup;
			children = (
				A2EF33811B521327006CE39D /* Helpers */,
				A2EF33931B521327006CE39D /* LiveAuthDialog.h */,
				A2EF33941B521327006CE39D /* LiveAuthDialog.m */,
				A2EF33951B521327006CE39D /* LiveAuthDialog_iPad.xib */,
				A2EF33961B521327006CE39D /* LiveAuthDialog_iPhone.xib */,
				A2EF33971B521327006CE39D /* LiveAuthDialogDelegate.h */,
				A2EF33981B521327006CE39D /* LiveAuthRefreshRequest.h */,
				A2EF33991B521327006CE39D /* LiveAuthRefreshRequest.m */,
				A2EF339A1B521327006CE39D /* LiveAuthRequest.h */,
				A2EF339B1B521327006CE39D /* LiveAuthRequest.m */,
				A2EF339C1B521327006CE39D /* LiveAuthStorage.h */,
				A2EF339D1B521327006CE39D /* LiveAuthStorage.m */,
				A2EF339E1B521327006CE39D /* LiveConnectClientCore.h */,
				A2EF339F1B521327006CE39D /* LiveConnectClientCore.m */,
				A2EF33A01B521327006CE39D /* LiveConstants.h */,
				A2EF33A11B521327006CE39D /* LiveDownloadOperationCore.h */,
				A2EF33A21B521327006CE39D /* LiveDownloadOperationCore.m */,
				A2EF33A31B521327006CE39D /* LiveDownloadOperationInternal.h */,
				A2EF33A41B521327006CE39D /* LiveOperationCore.h */,
				A2EF33A51B521327006CE39D /* LiveOperationCore.m */,
				A2EF33A61B521327006CE39D /* LiveOperationInternal.h */,
				A2EF33A71B521327006CE39D /* LiveUploadOperationCore.h */,
				A2EF33A81B521327006CE39D /* LiveUploadOperationCore.m */,
				A2EF33A91B521327006CE39D /* Resources */,
			);
			path = Internal;
			sourceTree = "<group>";
		};
		A2EF33811B521327006CE39D /* Helpers */ = {
			isa = PBXGroup;
			children = (
				A2EF33821B521327006CE39D /* JsonParser.h */,
				A2EF33831B521327006CE39D /* JsonParser.m */,
				A2EF33841B521327006CE39D /* JsonWriter.h */,
				A2EF33851B521327006CE39D /* JsonWriter.m */,
				A2EF33861B521327006CE39D /* LiveApiHelper.h */,
				A2EF33871B521327006CE39D /* LiveApiHelper.m */,
				A2EF33881B521327006CE39D /* LiveAuthHelper.h */,
				A2EF33891B521327006CE39D /* LiveAuthHelper.m */,
				A2EF338A1B521327006CE39D /* LiveConnectionCreatorDelegate.h */,
				A2EF338B1B521327006CE39D /* LiveConnectionHelper.h */,
				A2EF338C1B521327006CE39D /* LiveConnectionHelper.m */,
				A2EF338D1B521327006CE39D /* StreamReader.h */,
				A2EF338E1B521327006CE39D /* StreamReader.m */,
				A2EF338F1B521327006CE39D /* StringHelper.h */,
				A2EF33901B521327006CE39D /* StringHelper.m */,
				A2EF33911B521327006CE39D /* UrlHelper.h */,
				A2EF33921B521327006CE39D /* UrlHelper.m */,
			);
			path = Helpers;
			sourceTree = "<group>";
		};
		A2EF33A91B521327006CE39D /* Resources */ = {
			isa = PBXGroup;
			children = (
				A2EF33AA1B521327006CE39D /* backArrow_black.png */,
			);
			path = Resources;
			sourceTree = "<group>";
		};
		A2EF33AB1B521327006CE39D /* Public */ = {
			isa = PBXGroup;
			children = (
				A2EF33AC1B521327006CE39D /* LiveAuthDelegate.h */,
				A2EF33AD1B521327006CE39D /* LiveConnectClient.h */,
				A2EF33AE1B521327006CE39D /* LiveConnectClient.m */,
				A2EF33AF1B521327006CE39D /* LiveConnectSession.h */,
				A2EF33B01B521327006CE39D /* LiveConnectSession.m */,
				A2EF33B11B521327006CE39D /* LiveConnectSessionStatus.h */,
				A2EF33B21B521327006CE39D /* LiveDownloadOperation.h */,
				A2EF33B31B521327006CE39D /* LiveDownloadOperation.m */,
				A2EF33B41B521327006CE39D /* LiveDownloadOperationDelegate.h */,
				A2EF33B51B521327006CE39D /* LiveOperation.h */,
				A2EF33B61B521327006CE39D /* LiveOperation.m */,
				A2EF33B71B521327006CE39D /* LiveOperationDelegate.h */,
				A2EF33B81B521327006CE39D /* LiveOperationProgress.h */,
				A2EF33B91B521327006CE39D /* LiveOperationProgress.m */,
				A2EF33BA1B521327006CE39D /* LiveUploadOperationDelegate.h */,
				A2EF33BB1B521327006CE39D /* LiveUploadOverwriteOption.h */,
			);
			path = Public;
			sourceTree = "<group>";
		};
/* End PBXGroup section */

/* Begin PBXNativeTarget section */
		520C9CE314FD46BB002BF021 /* PhotoSky */ = {
			isa = PBXNativeTarget;
			buildConfigurationList = 520C9D0514FD46BB002BF021 /* Build configuration list for PBXNativeTarget "PhotoSky" */;
			buildPhases = (
				520C9CE014FD46BB002BF021 /* Sources */,
				520C9CE214FD46BB002BF021 /* Resources */,
				520C9CE114FD46BB002BF021 /* Frameworks */,
			);
			buildRules = (
			);
			dependencies = (
			);
			name = PhotoSky;
			productName = PhotoSky;
			productReference = 520C9CE414FD46BB002BF021 /* PhotoSky.app */;
			productType = "com.apple.product-type.application";
		};
/* End PBXNativeTarget section */

/* Begin PBXProject section */
		520C9CDB14FD46BB002BF021 /* Project object */ = {
			isa = PBXProject;
			attributes = {
				LastUpgradeCheck = 0610;
				ORGANIZATIONNAME = Microsoft;
			};
			buildConfigurationList = 520C9CDE14FD46BB002BF021 /* Build configuration list for PBXProject "PhotoSky" */;
			compatibilityVersion = "Xcode 3.2";
			developmentRegion = English;
			hasScannedForEncodings = 0;
			knownRegions = (
				en,
			);
			mainGroup = 520C9CD914FD46BB002BF021;
			productRefGroup = 520C9CE514FD46BB002BF021 /* Products */;
			projectDirPath = "";
			projectRoot = "";
			targets = (
				520C9CE314FD46BB002BF021 /* PhotoSky */,
			);
		};
/* End PBXProject section */

/* Begin PBXResourcesBuildPhase section */
		520C9CE214FD46BB002BF021 /* Resources */ = {
			isa = PBXResourcesBuildPhase;
			buildActionMask = 2147483647;
			files = (
				520C9CF314FD46BB002BF021 /* InfoPlist.strings in Resources */,
				A2EF33C51B521327006CE39D /* LiveAuthDialog_iPad.xib in Resources */,
				5207732014FD4ADA007E3059 /* PSSkyPhotoViewer.xib in Resources */,
				A2EF33CE1B521327006CE39D /* backArrow_black.png in Resources */,
				5207732614FD4DD5007E3059 /* PSMainViewController.xib in Resources */,
				5207732914FD4EA4007E3059 /* skydrive.jpeg in Resources */,
				5248D14014FE3DF80096720F /* PSSkyDriveFolderPicker.xib in Resources */,
				A2EF33C61B521327006CE39D /* LiveAuthDialog_iPhone.xib in Resources */,
				526B94A617692BD0000E29D2 /* Default-568h@2x.png in Resources */,
			);
			runOnlyForDeploymentPostprocessing = 0;
		};
/* End PBXResourcesBuildPhase section */

/* Begin PBXSourcesBuildPhase section */
		520C9CE014FD46BB002BF021 /* Sources */ = {
			isa = PBXSourcesBuildPhase;
			buildActionMask = 2147483647;
			files = (
				520C9CF514FD46BB002BF021 /* main.m in Sources */,
				520C9CF914FD46BB002BF021 /* PSAppDelegate.m in Sources */,
				A2EF33C41B521327006CE39D /* LiveAuthDialog.m in Sources */,
				A2EF33D21B521327006CE39D /* LiveOperation.m in Sources */,
				A2EF33C91B521327006CE39D /* LiveAuthStorage.m in Sources */,
				5207731F14FD4ADA007E3059 /* PSSkyPhotoViewer.m in Sources */,
				A2EF33D01B521327006CE39D /* LiveConnectSession.m in Sources */,
				5207732514FD4DD5007E3059 /* PSMainViewController.m in Sources */,
				5207733414FDA851007E3059 /* PSSkyDriveObject.m in Sources */,
				A2EF33CD1B521327006CE39D /* LiveUploadOperationCore.m in Sources */,
				A2EF33C81B521327006CE39D /* LiveAuthRequest.m in Sources */,
				A2EF33CB1B521327006CE39D /* LiveDownloadOperationCore.m in Sources */,
				5248D13F14FE3DF80096720F /* PSSkyDriveFolderPicker.m in Sources */,
				A2EF33BE1B521327006CE39D /* LiveApiHelper.m in Sources */,
				A2EF33D31B521327006CE39D /* LiveOperationProgress.m in Sources */,
				A2EF33C01B521327006CE39D /* LiveConnectionHelper.m in Sources */,
				A2EF33C21B521327006CE39D /* StringHelper.m in Sources */,
				A2EF33C31B521327006CE39D /* UrlHelper.m in Sources */,
				A2EF33CF1B521327006CE39D /* LiveConnectClient.m in Sources */,
				A2EF33C11B521327006CE39D /* StreamReader.m in Sources */,
				A2EF33CC1B521327006CE39D /* LiveOperationCore.m in Sources */,
				A2EF33BD1B521327006CE39D /* JsonWriter.m in Sources */,
				A2EF33D11B521327006CE39D /* LiveDownloadOperation.m in Sources */,
				A2EF33C71B521327006CE39D /* LiveAuthRefreshRequest.m in Sources */,
				A2EF33CA1B521327006CE39D /* LiveConnectClientCore.m in Sources */,
				A2EF33BC1B521327006CE39D /* JsonParser.m in Sources */,
				A2EF33BF1B521327006CE39D /* LiveAuthHelper.m in Sources */,
			);
			runOnlyForDeploymentPostprocessing = 0;
		};
/* End PBXSourcesBuildPhase section */

/* Begin PBXVariantGroup section */
		5207732714FD4EA4007E3059 /* skydrive.jpeg */ = {
			isa = PBXVariantGroup;
			children = (
				5207732814FD4EA4007E3059 /* en */,
			);
			name = skydrive.jpeg;
			sourceTree = "<group>";
		};
		520C9CF114FD46BB002BF021 /* InfoPlist.strings */ = {
			isa = PBXVariantGroup;
			children = (
				520C9CF214FD46BB002BF021 /* en */,
			);
			name = InfoPlist.strings;
			sourceTree = "<group>";
		};
/* End PBXVariantGroup section */

/* Begin XCBuildConfiguration section */
		520C9D0314FD46BB002BF021 /* Debug */ = {
			isa = XCBuildConfiguration;
			buildSettings = {
				ALWAYS_SEARCH_USER_PATHS = NO;
				CLANG_ENABLE_OBJC_ARC = YES;
				CLANG_WARN_BOOL_CONVERSION = YES;
				CLANG_WARN_CONSTANT_CONVERSION = YES;
				CLANG_WARN_EMPTY_BODY = YES;
				CLANG_WARN_ENUM_CONVERSION = YES;
				CLANG_WARN_INT_CONVERSION = YES;
				CLANG_WARN_UNREACHABLE_CODE = YES;
				CLANG_WARN__DUPLICATE_METHOD_MATCH = YES;
				"CODE_SIGN_IDENTITY[sdk=iphoneos*]" = "iPhone Developer";
				COPY_PHASE_STRIP = NO;
				ENABLE_STRICT_OBJC_MSGSEND = YES;
				FRAMEWORK_SEARCH_PATHS = "";
				GCC_C_LANGUAGE_STANDARD = gnu99;
				GCC_DYNAMIC_NO_PIC = NO;
				GCC_OPTIMIZATION_LEVEL = 0;
				GCC_PREPROCESSOR_DEFINITIONS = (
					"DEBUG=1",
					"$(inherited)",
				);
				GCC_SYMBOLS_PRIVATE_EXTERN = NO;
				GCC_VERSION = com.apple.compilers.llvm.clang.1_0;
				GCC_WARN_64_TO_32_BIT_CONVERSION = YES;
				GCC_WARN_ABOUT_MISSING_PROTOTYPES = YES;
				GCC_WARN_ABOUT_RETURN_TYPE = YES;
				GCC_WARN_UNDECLARED_SELECTOR = YES;
				GCC_WARN_UNINITIALIZED_AUTOS = YES;
				GCC_WARN_UNUSED_FUNCTION = YES;
				GCC_WARN_UNUSED_VARIABLE = YES;
				HEADER_SEARCH_PATHS = (
					"../../src/**",
					"$(inherited)",
					/Applications/Xcode.app/Contents/Developer/Toolchains/XcodeDefault.xctoolchain/usr/include,
				);
				IPHONEOS_DEPLOYMENT_TARGET = 5.0;
				ONLY_ACTIVE_ARCH = YES;
				SDKROOT = iphoneos;
				TARGETED_DEVICE_FAMILY = "1,2";
			};
			name = Debug;
		};
		520C9D0414FD46BB002BF021 /* Release */ = {
			isa = XCBuildConfiguration;
			buildSettings = {
				ALWAYS_SEARCH_USER_PATHS = NO;
				CLANG_ENABLE_OBJC_ARC = YES;
				CLANG_WARN_BOOL_CONVERSION = YES;
				CLANG_WARN_CONSTANT_CONVERSION = YES;
				CLANG_WARN_EMPTY_BODY = YES;
				CLANG_WARN_ENUM_CONVERSION = YES;
				CLANG_WARN_INT_CONVERSION = YES;
				CLANG_WARN_UNREACHABLE_CODE = YES;
				CLANG_WARN__DUPLICATE_METHOD_MATCH = YES;
				"CODE_SIGN_IDENTITY[sdk=iphoneos*]" = "iPhone Developer";
				COPY_PHASE_STRIP = YES;
				ENABLE_STRICT_OBJC_MSGSEND = YES;
				FRAMEWORK_SEARCH_PATHS = "";
				GCC_C_LANGUAGE_STANDARD = gnu99;
				GCC_VERSION = com.apple.compilers.llvm.clang.1_0;
				GCC_WARN_64_TO_32_BIT_CONVERSION = YES;
				GCC_WARN_ABOUT_MISSING_PROTOTYPES = YES;
				GCC_WARN_ABOUT_RETURN_TYPE = YES;
				GCC_WARN_UNDECLARED_SELECTOR = YES;
				GCC_WARN_UNINITIALIZED_AUTOS = YES;
				GCC_WARN_UNUSED_FUNCTION = YES;
				GCC_WARN_UNUSED_VARIABLE = YES;
				HEADER_SEARCH_PATHS = (
					"../../src/**",
					"$(inherited)",
					/Applications/Xcode.app/Contents/Developer/Toolchains/XcodeDefault.xctoolchain/usr/include,
				);
				IPHONEOS_DEPLOYMENT_TARGET = 5.0;
				OTHER_CFLAGS = "-DNS_BLOCK_ASSERTIONS=1";
				SDKROOT = iphoneos;
				TARGETED_DEVICE_FAMILY = "1,2";
				VALIDATE_PRODUCT = YES;
			};
			name = Release;
		};
		520C9D0614FD46BB002BF021 /* Debug */ = {
			isa = XCBuildConfiguration;
			buildSettings = {
				FRAMEWORK_SEARCH_PATHS = (
					"$(inherited)",
					"\"$(SRCROOT)\"",
				);
				GCC_PRECOMPILE_PREFIX_HEADER = YES;
				GCC_PREFIX_HEADER = "PhotoSky/PhotoSky-Prefix.pch";
				INFOPLIST_FILE = "PhotoSky/PhotoSky-Info.plist";
				IPHONEOS_DEPLOYMENT_TARGET = 5.1.1;
				PRODUCT_NAME = "$(TARGET_NAME)";
				WRAPPER_EXTENSION = app;
			};
			name = Debug;
		};
		520C9D0714FD46BB002BF021 /* Release */ = {
			isa = XCBuildConfiguration;
			buildSettings = {
				FRAMEWORK_SEARCH_PATHS = (
					"$(inherited)",
					"\"$(SRCROOT)\"",
				);
				GCC_PRECOMPILE_PREFIX_HEADER = YES;
				GCC_PREFIX_HEADER = "PhotoSky/PhotoSky-Prefix.pch";
				INFOPLIST_FILE = "PhotoSky/PhotoSky-Info.plist";
				IPHONEOS_DEPLOYMENT_TARGET = 5.1.1;
				PRODUCT_NAME = "$(TARGET_NAME)";
				WRAPPER_EXTENSION = app;
			};
			name = Release;
		};
/* End XCBuildConfiguration section */

/* Begin XCConfigurationList section */
		520C9CDE14FD46BB002BF021 /* Build configuration list for PBXProject "PhotoSky" */ = {
			isa = XCConfigurationList;
			buildConfigurations = (
				520C9D0314FD46BB002BF021 /* Debug */,
				520C9D0414FD46BB002BF021 /* Release */,
			);
			defaultConfigurationIsVisible = 0;
			defaultConfigurationName = Release;
		};
		520C9D0514FD46BB002BF021 /* Build configuration list for PBXNativeTarget "PhotoSky" */ = {
			isa = XCConfigurationList;
			buildConfigurations = (
				520C9D0614FD46BB002BF021 /* Debug */,
				520C9D0714FD46BB002BF021 /* Release */,
			);
			defaultConfigurationIsVisible = 0;
			defaultConfigurationName = Release;
		};
/* End XCConfigurationList section */
	};
	rootObject = 520C9CDB14FD46BB002BF021 /* Project object */;
}
